{
    "_meta": {
        "hash": {
            "sha256": "524fb9172051247a13732d0ecdbb646e108678c02ab7e4a2fd33c5a32bc4a082"
        },
        "pipfile-spec": 6,
        "requires": {},
        "sources": [
            {
                "name": "pypi",
                "url": "https://pypi.org/simple",
                "verify_ssl": true
            }
        ]
    },
    "default": {
        "aiosmtplib": {
            "hashes": [
                "sha256:5810657a86b19476c93fa280c499ca3ef88ce26f2b74dae202989ae06377d107",
                "sha256:c1403e70fce769643820cb2c5bf0bd4f7ea83a01c60e854c81a6f5d7ccff2656"
            ],
            "index": "pypi",
            "markers": "python_full_version >= '3.5.2' and python_full_version < '4.0.0'",
            "version": "==1.1.7"
        },
        "alembic": {
            "hashes": [
                "sha256:6af6792fe699730b27480382701b16028ebbaac6bc5cd4f06daf5fa3e4690364",
                "sha256:e8ce855f731d92cfdbf9a71d148401fcc420399927817c6e2c0b6a5f31db745d"
            ],
            "index": "pypi",
            "markers": "python_version >= '3.7'",
            "version": "==1.9.0"
        },
        "anyio": {
            "hashes": [
                "sha256:25ea0d673ae30af41a0c442f81cf3b38c7e79fdc7b60335a4c14e05eb0947421",
                "sha256:fbbe32bd270d2a2ef3ed1c5d45041250284e31fc0a4df4a5a6071842051a51e3"
            ],
            "index": "pypi",
            "markers": "python_full_version >= '3.6.2'",
            "version": "==3.6.2"
        },
        "bcrypt": {
            "hashes": [
                "sha256:27d375903ac8261cfe4047f6709d16f7d18d39b1ec92aaf72af989552a650ebd",
                "sha256:a522427293d77e1c29e303fc282e2d71864579527a04ddcfda6d4f8396c6c36a",
                "sha256:ae88eca3024bb34bb3430f964beab71226e761f51b912de5133470b649d82344",
                "sha256:ca3204d00d3cb2dfed07f2d74a25f12fc12f73e606fcaa6975d1f7ae69cacbb2"
            ],
            "index": "pypi",
            "markers": "python_version >= '3.6'",
            "version": "==4.0.1"
        },
        "blinker": {
            "hashes": [
                "sha256:1eb563df6fdbc39eeddc177d953203f99f097e9bf0e2b8f9f3cf18b6ca425e36",
                "sha256:923e5e2f69c155f2cc42dafbbd70e16e3fde24d2d4aa2ab72fbe386238892462"
            ],
            "index": "pypi",
            "markers": "python_version >= '2.7' and python_version not in '3.0, 3.1, 3.2, 3.3, 3.4'",
            "version": "==1.5"
        },
        "certifi": {
            "hashes": [
                "sha256:35824b4c3a97115964b408844d64aa14db1cc518f6562e8d7261699d1350a9e3",
                "sha256:4ad3232f5e926d6718ec31cfc1fcadfde020920e278684144551c91769c7bc18"
            ],
            "index": "pypi",
            "markers": "python_version >= '3.6'",
            "version": "==2022.12.7"
        },
        "cffi": {
            "hashes": [
                "sha256:0e2642fe3142e4cc4af0799748233ad6da94c62a8bec3a6648bf8ee68b1c7426",
                "sha256:d400bfb9a37b1351253cb402671cea7e89bdecc294e8016a707f6d1d8ac934f9"
            ],
            "index": "pypi",
            "version": "==1.15.1"
        },
        "click": {
            "hashes": [
                "sha256:7682dc8afb30297001674575ea00d1814d808d6a36af415a82bd481d37ba7b8e",
                "sha256:bb4d8133cb15a609f44e8213d9b391b0809795062913b383c62be0ee95b1db48"
            ],
            "index": "pypi",
            "markers": "python_version >= '3.7'",
            "version": "==8.1.3"
        },
        "colorama": {
            "hashes": [
                "sha256:08695f5cb7ed6e0531a20572697297273c47b8cae5a63ffc6d6ed5c201be6e44",
                "sha256:4f1d9991f5acc0ca119f9d443620b77f9d6b33703e51011c16baf57afb285fc6"
            ],
            "index": "pypi",
            "markers": "python_version >= '2.7' and python_version not in '3.0, 3.1, 3.2, 3.3, 3.4, 3.5, 3.6'",
            "version": "==0.4.6"
        },
        "cryptography": {
            "hashes": [
                "sha256:0a7dcbcd3f1913f664aca35d47c1331fce738d44ec34b7be8b9d332151b0b01e",
                "sha256:1eb7bb0df6f6f583dd8e054689def236255161ebbcf62b226454ab9ec663746b",
                "sha256:94cc5ed4ceaefcbe5bf38c8fba6a21fc1d365bb8fb826ea1688e3370b2e24a1c",
                "sha256:9965c46c674ba8cc572bc09a03f4c649292ee73e1b683adb1ce81e82e9a6a0fb"
            ],
            "index": "pypi",
            "markers": "python_version >= '3.6'",
            "version": "==3.4.8"
        },
        "dnspython": {
            "hashes": [
                "sha256:0f7569a4a6ff151958b64304071d370daa3243d15941a7beedf0c9fe5105603e",
                "sha256:a851e51367fb93e9e1361732c1d60dab63eff98712e503ea7d92e6eccb109b4f"
            ],
            "index": "pypi",
            "markers": "python_version >= '3.6' and python_version < '4.0'",
            "version": "==2.2.1"
        },
        "email-validator": {
            "hashes": [
                "sha256:553a66f8be2ec2dea641ae1d3f29017ab89e9d603d4a25cdaac39eefa283d769",
                "sha256:816073f2a7cffef786b29928f58ec16cdac42710a53bb18aa94317e3e145ec5c"
            ],
            "index": "pypi",
            "markers": "python_version >= '2.7' and python_version not in '3.0, 3.1, 3.2, 3.3, 3.4'",
            "version": "==1.3.0"
        },
        "fastapi": {
            "hashes": [
                "sha256:07032e53df9a57165047b4f38731c38bdcc3be5493220471015e2b4b51b486a4",
                "sha256:254453a2e22f64e2a1b4e1d8baf67d239e55b6c8165c079d25746a5220c81bb4"
            ],
            "index": "pypi",
            "markers": "python_version >= '3.7'",
            "version": "==0.87.0"
        },
        "fastapi-jwt-auth": {
            "hashes": [
                "sha256:43110a227e36f93b99257a1c79e66df8ed3d4c893291db8f9db2686192011f17",
                "sha256:d98068a9e828fe5909a1f338efabc3bb53149f11a9d2d395ab9d90fbb486b375"
            ],
            "index": "pypi",
            "markers": "python_version >= '3.6'",
            "version": "==0.5.0"
        },
        "fastapi-mail": {
            "hashes": [
                "sha256:9ed67efbad9c3d9775e49d47ef026c4dd6658ddf743b5a558988b75998d3f280",
                "sha256:c7e45a49213922d7af90f708eb7bee31fbf4bb7f0ae44a6db07850a858ef457b"
            ],
            "index": "pypi",
            "markers": "python_version >= '3.7' and python_version < '4.0'",
            "version": "==1.2.2"
        },
        "greenlet": {
            "hashes": [
                "sha256:0b493db84d124805865adc587532ebad30efa68f79ad68f11b336e0a51ec86c2",
                "sha256:42e602564460da0e8ee67cb6d7236363ee5e131aa15943b6670e44e5c2ed0f67",
                "sha256:72b00a8e7c25dcea5946692a2485b1a0c0661ed93ecfedfa9b6687bd89a24ef5"
            ],
            "index": "pypi",
            "markers": "python_version >= '2.7' and python_version not in '3.0, 3.1, 3.2, 3.3, 3.4'",
            "version": "==2.0.1"
        },
        "h11": {
            "hashes": [
                "sha256:8f19fbbe99e72420ff35c00b27a34cb9937e902a8b810e2c88300c6f0a3b699d",
                "sha256:e3fe4ac4b851c468cc8363d500db52c2ead036020723024a109d37346efaa761"
            ],
            "index": "pypi",
            "markers": "python_version >= '3.7'",
            "version": "==0.14.0"
        },
        "httpcore": {
            "hashes": [
                "sha256:c5d6f04e2fc530f39e0c077e6a30caa53f1451096120f1f38b954afd0b17c0cb",
                "sha256:da1fb708784a938aa084bde4feb8317056c55037247c787bd7e19eb2c2949dc0"
            ],
            "index": "pypi",
            "markers": "python_version >= '3.7'",
            "version": "==0.16.3"
        },
        "httptools": {
            "hashes": [
                "sha256:295874861c173f9101960bba332429bb77ed4dcd8cdf5cee9922eb00e4f6bc09",
                "sha256:a04fe458a4597aa559b79c7f48fe3dceabef0f69f562daf5c5e926b153817281"
            ],
            "index": "pypi",
            "markers": "python_full_version >= '3.5.0'",
            "version": "==0.5.0"
        },
        "httpx": {
            "hashes": [
                "sha256:0b9b1f0ee18b9978d637b0776bfd7f54e2ca278e063e3586d8f01cda89e042a8",
                "sha256:202ae15319be24efe9a8bd4ed4360e68fde7b38bcc2ce87088d416f026667d19"
            ],
            "index": "pypi",
            "markers": "python_version >= '3.7'",
            "version": "==0.23.1"
        },
        "idna": {
            "hashes": [
                "sha256:814f528e8dead7d329833b91c5faa87d60bf71824cd12a7530b5526063d02cb4",
                "sha256:90b77e79eaa3eba6de819a0c442c0b4ceefc341a7a2ab77d7562bf49f425c5c2"
            ],
            "index": "pypi",
            "markers": "python_version >= '3.5'",
            "version": "==3.4"
        },
        "importlib-metadata": {
            "hashes": [
                "sha256:1aaf550d4f73e5d6783e7acb77aec43d49da8017410afae93822cc9cca98c4d4",
                "sha256:cb52082e659e97afc5dac71e79de97d8681de3aa07ff18578330904a9d18e5b5"
            ],
            "markers": "python_version < '3.8'",
            "version": "==6.7.0"
        },
        "importlib-resources": {
            "hashes": [
                "sha256:4be82589bf5c1d7999aedf2a45159d10cb3ca4f19b2271f8792bc8e6da7b22f6",
                "sha256:7b1deeebbf351c7578e09bf2f63fa2ce8b5ffec296e0d349139d43cca061a81a"
            ],
            "markers": "python_version < '3.9'",
            "version": "==5.12.0"
        },
        "itsdangerous": {
            "hashes": [
                "sha256:2c2349112351b88699d8d4b6b075022c0808887cb7ad10069318a8b0bc88db44",
                "sha256:5dbbc68b317e5e42f327f9021763545dc3fc3bfe22e6deb96aaf1fc38874156a"
            ],
            "index": "pypi",
            "markers": "python_version >= '3.7'",
            "version": "==2.1.2"
        },
        "jinja2": {
            "hashes": [
                "sha256:31351a702a408a9e7595a8fc6150fc3f43bb6bf7e319770cbc0db9df9437e852",
                "sha256:6088930bfe239f0e6710546ab9c19c9ef35e29792895fed6e6e31a023a182a61"
            ],
            "index": "pypi",
            "markers": "python_version >= '3.7'",
            "version": "==3.1.2"
        },
        "mako": {
            "hashes": [
                "sha256:c97c79c018b9165ac9922ae4f32da095ffd3c4e6872b45eded42926deea46818",
                "sha256:d60a3903dc3bb01a18ad6a89cdbe2e4eadc69c0bc8ef1e3773ba53d44c3f7a34"
            ],
            "index": "pypi",
            "markers": "python_version >= '3.7'",
            "version": "==1.2.4"
        },
        "markupsafe": {
            "hashes": [
                "sha256:7f91197cc9e48f989d12e4e6fbc46495c446636dfc81b9ccf50bb0ec74b91d4b",
                "sha256:e72591e9ecd94d7feb70c1cbd7be7b3ebea3f548870aa91e2732960fa4d57a37"
            ],
            "index": "pypi",
            "markers": "python_version >= '3.7'",
            "version": "==2.1.1"
        },
        "orjson": {
            "hashes": [
                "sha256:eda1534a5289168614f21422861cbfb1abb8a82d66c00a8ba823d863c0797178",
                "sha256:faf44a709f54cf490a27ccb0fb1cb5a99005c36ff7cb127d222306bf84f5493f",
                "sha256:ff96c61127550ae25caab325e1f4a4fba2740ca77f8e81640f1b8b575e95f784"
            ],
            "index": "pypi",
            "markers": "python_version >= '3.7'",
            "version": "==3.8.3"
        },
        "passlib": {
            "hashes": [
                "sha256:aa6bca462b8d8bda89c70b382f0c298a20b5560af6cbfa2dce410c0a2fb669f1",
                "sha256:defd50f72b65c5402ab2c573830a6978e5f202ad0d984793c8dde2c4152ebe04"
            ],
            "index": "pypi",
            "version": "==1.7.4"
        },
        "psycopg2": {
            "hashes": [
                "sha256:a5246d2e683a972e2187a8714b5c2cf8156c064629f9a9b1a873c1730d9e245a"
            ],
            "index": "pypi",
            "markers": "python_version >= '3.6'",
            "version": "==2.9.5"
        },
        "pycparser": {
            "hashes": [
                "sha256:8ee45429555515e1f6b185e78100aea234072576aa43ab53aefcae078162fca9",
                "sha256:e644fdec12f7872f86c58ff790da456218b10f863970249516d60a5eaca77206"
            ],
            "index": "pypi",
            "version": "==2.21"
        },
        "pydantic": {
            "hashes": [
                "sha256:1b6ee725bd6e83ec78b1aa32c5b1fa67a3a65badddde3976bca5fe4568f27709",
                "sha256:81a7b66c3f499108b448f3f004801fcd7d7165fb4200acb03f1c2402da73ce4c",
                "sha256:91b8e218852ef6007c2b98cd861601c6a09f1aa32bbbb74fab5b1c33d4a1e410"
            ],
            "index": "pypi",
            "markers": "python_version >= '3.7'",
            "version": "==1.10.2"
        },
        "pyjwt": {
            "hashes": [
                "sha256:5c6eca3c2940464d106b99ba83b00c6add741c9becaec087fb7ccdefea71350e",
                "sha256:8d59a976fb773f3e6a39c85636357c4f0e242707394cadadd9814f5cbaa20e96"
            ],
            "index": "pypi",
            "version": "==1.7.1"
        },
        "python-dotenv": {
            "hashes": [
                "sha256:1c93de8f636cde3ce377292818d0e440b6e45a82f215c3744979151fa8151c49",
                "sha256:41e12e0318bebc859fcc4d97d4db8d20ad21721a6aa5047dd59f090391cb549a"
            ],
            "index": "pypi",
            "markers": "python_version >= '3.7'",
            "version": "==0.21.1"
        },
        "python-multipart": {
            "hashes": [
                "sha256:f7bb5f611fc600d15fa47b3974c8aa16e93724513b49b5f95c81e6624c83fa43"
            ],
            "index": "pypi",
            "version": "==0.0.5"
        },
        "pyyaml": {
            "hashes": [
                "sha256:231710d57adfd809ef5d34183b8ed1eeae3f76459c18fb4a0b373ad56bedcdd9",
                "sha256:68fb519c14306fec9720a2a5b45bc9f0c8d1b9c72adf45c37baedfcd949c35a2"
            ],
            "index": "pypi",
            "markers": "python_version >= '3.6'",
            "version": "==6.0"
        },
        "rfc3986": {
            "extras": [
                "idna2008"
            ],
            "hashes": [
                "sha256:270aaf10d87d0d4e095063c65bf3ddbc6ee3d0b226328ce21e036f946e421835",
                "sha256:a86d6e1f5b1dc238b218b012df0aa79409667bb209e58da56d0b94704e712a97"
            ],
            "index": "pypi",
            "version": "==1.5.0"
        },
        "six": {
            "hashes": [
                "sha256:1e61c37477a1626458e36f7b1d82aa5c9b094fa4802892072e49de9c60c4c926",
                "sha256:8abb2f1d86890a2dfb989f9a77cfcfd3e47c2a354b01111771326f8aa26e0254"
            ],
            "index": "pypi",
            "markers": "python_version >= '2.7' and python_version not in '3.0, 3.1, 3.2, 3.3'",
            "version": "==1.16.0"
        },
        "sniffio": {
            "hashes": [
                "sha256:e60305c5e5d314f5389259b7f22aaa33d8f7dee49763119234af3755c55b9101",
                "sha256:eecefdce1e5bbfb7ad2eeaabf7c1eeb404d7757c379bd1f7e5cce9d8bf425384"
            ],
            "index": "pypi",
            "markers": "python_version >= '3.7'",
            "version": "==1.3.0"
        },
        "sqlalchemy": {
            "hashes": [
                "sha256:88f4ad3b081c0dbb738886f8d425a5d983328670ee83b38192687d78fc82bd1e",
                "sha256:cd95a3e6ab46da2c5b0703e797a772f3fab44d085b3919a4f27339aa3b1f51d3",
                "sha256:fd69850860093a3f69fefe0ab56d041edfdfe18510b53d9a2eaecba2f15fa795"
            ],
            "index": "pypi",
            "markers": "python_version >= '2.7' and python_version not in '3.0, 3.1, 3.2, 3.3, 3.4, 3.5'",
            "version": "==1.4.45"
        },
        "starlette": {
            "hashes": [
                "sha256:0efc058261bbcddeca93cad577efd36d0c8a317e44376bcfc0e097a2b3dc24a7",
                "sha256:b1b52305ee8f7cfc48cde383496f7c11ab897cd7112b33d998b1317dc8ef9027"
            ],
            "index": "pypi",
            "markers": "python_version >= '3.7'",
            "version": "==0.21.0"
        },
        "typing-extensions": {
            "hashes": [
                "sha256:1511434bb92bf8dd198c12b1cc812e800d4181cfcb867674e0f8279cc93087aa",
                "sha256:16fa4864408f655d35ec496218b85f79b3437c829e93320c7c9215ccfd92489e"
            ],
            "index": "pypi",
            "markers": "python_version >= '3.7'",
            "version": "==4.4.0"
        },
        "ujson": {
            "hashes": [
                "sha256:9cf04fcc958bb52a6b6c301b780cb9afab3ec68713b17ca5aa423e1f99c2c1cf",
                "sha256:f881e2d8a022e9285aa2eab6ba8674358dbcb2b57fa68618d88d62937ac3ff04"
            ],
            "index": "pypi",
            "markers": "python_version >= '3.7'",
            "version": "==5.6.0"
        },
        "uvicorn": {
            "hashes": [
                "sha256:a4e12017b940247f836bc90b72e725d7dfd0c8ed1c51eb365f5ba30d9f5127d8",
                "sha256:c3ed1598a5668208723f2bb49336f4509424ad198d6ab2615b7783db58d919fd"
            ],
            "index": "pypi",
            "markers": "python_version >= '3.7'",
            "version": "==0.20.0"
        },
        "watchfiles": {
            "hashes": [
                "sha256:4ec0134a5e31797eb3c6c624dbe9354f2a8ee9c720e0b46fc5b7bab472b7c6d4",
                "sha256:cbaff354d12235002e62d9d3fa8bcf326a8490c1179aa5c17195a300a9e5952f"
            ],
            "index": "pypi",
            "markers": "python_version >= '3.7'",
            "version": "==0.18.1"
        },
        "websockets": {
            "hashes": [
                "sha256:00213676a2e46b6ebf6045bc11d0f529d9120baa6f58d122b4021ad92adabd41",
                "sha256:eef610b23933c54d5d921c92578ae5f89813438fded840c2e9809d378dc765d3"
            ],
            "index": "pypi",
            "markers": "python_version >= '3.7'",
            "version": "==10.4"
        },
        "zipp": {
            "hashes": [
                "sha256:112929ad649da941c23de50f356a2b5570c954b65150642bccdd66bf194d224b",
                "sha256:48904fc76a60e542af151aded95726c1a5c34ed43ab4134b597665c86d7ad556"
            ],
            "markers": "python_version >= '3.7'",
            "version": "==3.15.0"
        }
    },
    "develop": {}
}
